
Microsoft Visual Studio Solution File, Format Version 11.00
# Visual Studio 2010
Project("{FAE04EC0-301F-11D3-BF4B-00C04F79EFBC}") = "Assembly-CSharp", "Assembly-CSharp.csproj", "{1BF16791-29A2-54C3-F9CE-D4F6D0B1C994}"
EndProject
Project("{FAE04EC0-301F-11D3-BF4B-00C04F79EFBC}") = "Assembly-CSharp-Editor", "Assembly-CSharp-Editor.csproj", "{332263AC-68B8-3EFD-3FC3-D050ED050B8C}"
EndProject
Global
	GlobalSection(SolutionConfigurationPlatforms) = preSolution
		Debug|Any CPU = Debug|Any CPU
		Release|Any CPU = Release|Any CPU
	EndGlobalSection
	GlobalSection(ProjectConfigurationPlatforms) = postSolution
		{1BF16791-29A2-54C3-F9CE-D4F6D0B1C994}.Debug|Any CPU.ActiveCfg = Debug|Any CPU
		{1BF16791-29A2-54C3-F9CE-D4F6D0B1C994}.Debug|Any CPU.Build.0 = Debug|Any CPU
		{1BF16791-29A2-54C3-F9CE-D4F6D0B1C994}.Release|Any CPU.ActiveCfg = Release|Any CPU
		{1BF16791-29A2-54C3-F9CE-D4F6D0B1C994}.Release|Any CPU.Build.0 = Release|Any CPU
		{332263AC-68B8-3EFD-3FC3-D050ED050B8C}.Debug|Any CPU.ActiveCfg = Debug|Any CPU
		{332263AC-68B8-3EFD-3FC3-D050ED050B8C}.Debug|Any CPU.Build.0 = Debug|Any CPU
		{332263AC-68B8-3EFD-3FC3-D050ED050B8C}.Release|Any CPU.ActiveCfg = Release|Any CPU
		{332263AC-68B8-3EFD-3FC3-D050ED050B8C}.Release|Any CPU.Build.0 = Release|Any CPU
	EndGlobalSection
	GlobalSection(SolutionProperties) = preSolution
		HideSolutionNode = FALSE
	EndGlobalSection
	GlobalSection(MonoDevelopProperties) = preSolution
		StartupItem = Assembly-CSharp.csproj
	EndGlobalSection
EndGlobal
